
Microsoft Visual Studio Solution File, Format Version 12.00
# Visual Studio Version 17
VisualStudioVersion = 17.10.34928.147
MinimumVisualStudioVersion = 10.0.40219.1
Project("{FAE04EC0-301F-11D3-BF4B-00C04F79EFBC}") = "TaskManager", "TaskManager\TaskManager.csproj", "{61D8FA6C-43DA-4D21-8899-B2FCBFD7C1FC}"
EndProject
Global
	GlobalSection(SolutionConfigurationPlatforms) = preSolution
		Debug|Any CPU = Debug|Any CPU
		Release|Any CPU = Release|Any CPU
	EndGlobalSection
	GlobalSection(ProjectConfigurationPlatforms) = postSolution
		{61D8FA6C-43DA-4D21-8899-B2FCBFD7C1FC}.Debug|Any CPU.ActiveCfg = Debug|Any CPU
		{61D8FA6C-43DA-4D21-8899-B2FCBFD7C1FC}.Debug|Any CPU.Build.0 = Debug|Any CPU
		{61D8FA6C-43DA-4D21-8899-B2FCBFD7C1FC}.Release|Any CPU.ActiveCfg = Release|Any CPU
		{61D8FA6C-43DA-4D21-8899-B2FCBFD7C1FC}.Release|Any CPU.Build.0 = Release|Any CPU
	EndGlobalSection
	GlobalSection(SolutionProperties) = preSolution
		HideSolutionNode = FALSE
	EndGlobalSection
	GlobalSection(ExtensibilityGlobals) = postSolution
		SolutionGuid = {41B65361-28B2-4679-8110-273FC96AB3E4}
	EndGlobalSection
EndGlobal
